
Microsoft Visual Studio Solution File, Format Version 12.00
# Visual Studio Version 17
VisualStudioVersion = 17.3.32825.248
MinimumVisualStudioVersion = 10.0.40219.1
Project("{9A19103F-16F7-4668-BE54-9A1E7A4F7556}") = "WebShop", "WebShop\WebShop.csproj", "{74ABC27B-F9DD-422A-8C6B-B4858837C0FA}"
EndProject
Project("{9A19103F-16F7-4668-BE54-9A1E7A4F7556}") = "ApiServices", "ApiService\ApiServices.csproj", "{EE0C5CC0-DBE8-4BA2-9A5D-E4896C358DB3}"
EndProject
Project("{9A19103F-16F7-4668-BE54-9A1E7A4F7556}") = "API", "API\API.csproj", "{7DBBE973-4C8C-4B33-83CC-2403CAED99B7}"
EndProject
Project("{9A19103F-16F7-4668-BE54-9A1E7A4F7556}") = "Shared", "Shared\Shared.csproj", "{9E232603-18C1-4530-907B-0902C4550FE3}"
EndProject
Project("{9A19103F-16F7-4668-BE54-9A1E7A4F7556}") = "Repository", "Repository\Repository.csproj", "{0AA77F3D-4F70-4F71-80AA-09DC75C7C29F}"
EndProject
Project("{9A19103F-16F7-4668-BE54-9A1E7A4F7556}") = "Service", "Service\Service.csproj", "{2CE4781D-0564-4183-B372-EF58CDD56333}"
EndProject
Project("{9A19103F-16F7-4668-BE54-9A1E7A4F7556}") = "Domain", "Domain\Domain.csproj", "{BA8CF7AC-2E19-4A70-8698-401B1519C54A}"
EndProject
Project("{2150E333-8FDC-42A3-9474-1A3956D46DE8}") = "Frontend", "Frontend", "{D12AA7D6-2748-450D-A822-D509CD89233C}"
EndProject
Project("{2150E333-8FDC-42A3-9474-1A3956D46DE8}") = "Backend", "Backend", "{97102E28-E0C1-490E-A5FF-79A3A99F932D}"
EndProject
Project("{9A19103F-16F7-4668-BE54-9A1E7A4F7556}") = "ViewModels", "ViewModels\ViewModels.csproj", "{0372031B-0238-4DD6-BAE4-F7BAB566C53D}"
EndProject
Project("{2150E333-8FDC-42A3-9474-1A3956D46DE8}") = "Tests", "Tests", "{1AFED766-4C56-4B68-A7C4-627DAA4AF803}"
EndProject
Project("{9A19103F-16F7-4668-BE54-9A1E7A4F7556}") = "ApiTests", "ApiTests\ApiTests.csproj", "{3F1AE54F-DC2B-415F-81F4-1A1ABCB5361D}"
EndProject
Project("{9A19103F-16F7-4668-BE54-9A1E7A4F7556}") = "CMS", "CMS\CMS.csproj", "{E7398635-FEE9-4D62-8F04-E69DC8B38332}"
EndProject
Global
	GlobalSection(SolutionConfigurationPlatforms) = preSolution
		Debug|Any CPU = Debug|Any CPU
		Release|Any CPU = Release|Any CPU
	EndGlobalSection
	GlobalSection(ProjectConfigurationPlatforms) = postSolution
		{74ABC27B-F9DD-422A-8C6B-B4858837C0FA}.Debug|Any CPU.ActiveCfg = Debug|Any CPU
		{74ABC27B-F9DD-422A-8C6B-B4858837C0FA}.Debug|Any CPU.Build.0 = Debug|Any CPU
		{74ABC27B-F9DD-422A-8C6B-B4858837C0FA}.Release|Any CPU.ActiveCfg = Release|Any CPU
		{74ABC27B-F9DD-422A-8C6B-B4858837C0FA}.Release|Any CPU.Build.0 = Release|Any CPU
		{EE0C5CC0-DBE8-4BA2-9A5D-E4896C358DB3}.Debug|Any CPU.ActiveCfg = Debug|Any CPU
		{EE0C5CC0-DBE8-4BA2-9A5D-E4896C358DB3}.Debug|Any CPU.Build.0 = Debug|Any CPU
		{EE0C5CC0-DBE8-4BA2-9A5D-E4896C358DB3}.Release|Any CPU.ActiveCfg = Release|Any CPU
		{EE0C5CC0-DBE8-4BA2-9A5D-E4896C358DB3}.Release|Any CPU.Build.0 = Release|Any CPU
		{7DBBE973-4C8C-4B33-83CC-2403CAED99B7}.Debug|Any CPU.ActiveCfg = Debug|Any CPU
		{7DBBE973-4C8C-4B33-83CC-2403CAED99B7}.Debug|Any CPU.Build.0 = Debug|Any CPU
		{7DBBE973-4C8C-4B33-83CC-2403CAED99B7}.Release|Any CPU.ActiveCfg = Release|Any CPU
		{7DBBE973-4C8C-4B33-83CC-2403CAED99B7}.Release|Any CPU.Build.0 = Release|Any CPU
		{9E232603-18C1-4530-907B-0902C4550FE3}.Debug|Any CPU.ActiveCfg = Debug|Any CPU
		{9E232603-18C1-4530-907B-0902C4550FE3}.Debug|Any CPU.Build.0 = Debug|Any CPU
		{9E232603-18C1-4530-907B-0902C4550FE3}.Release|Any CPU.ActiveCfg = Release|Any CPU
		{9E232603-18C1-4530-907B-0902C4550FE3}.Release|Any CPU.Build.0 = Release|Any CPU
		{0AA77F3D-4F70-4F71-80AA-09DC75C7C29F}.Debug|Any CPU.ActiveCfg = Debug|Any CPU
		{0AA77F3D-4F70-4F71-80AA-09DC75C7C29F}.Debug|Any CPU.Build.0 = Debug|Any CPU
		{0AA77F3D-4F70-4F71-80AA-09DC75C7C29F}.Release|Any CPU.ActiveCfg = Release|Any CPU
		{0AA77F3D-4F70-4F71-80AA-09DC75C7C29F}.Release|Any CPU.Build.0 = Release|Any CPU
		{2CE4781D-0564-4183-B372-EF58CDD56333}.Debug|Any CPU.ActiveCfg = Debug|Any CPU
		{2CE4781D-0564-4183-B372-EF58CDD56333}.Debug|Any CPU.Build.0 = Debug|Any CPU
		{2CE4781D-0564-4183-B372-EF58CDD56333}.Release|Any CPU.ActiveCfg = Release|Any CPU
		{2CE4781D-0564-4183-B372-EF58CDD56333}.Release|Any CPU.Build.0 = Release|Any CPU
		{BA8CF7AC-2E19-4A70-8698-401B1519C54A}.Debug|Any CPU.ActiveCfg = Debug|Any CPU
		{BA8CF7AC-2E19-4A70-8698-401B1519C54A}.Debug|Any CPU.Build.0 = Debug|Any CPU
		{BA8CF7AC-2E19-4A70-8698-401B1519C54A}.Release|Any CPU.ActiveCfg = Release|Any CPU
		{BA8CF7AC-2E19-4A70-8698-401B1519C54A}.Release|Any CPU.Build.0 = Release|Any CPU
		{0372031B-0238-4DD6-BAE4-F7BAB566C53D}.Debug|Any CPU.ActiveCfg = Debug|Any CPU
		{0372031B-0238-4DD6-BAE4-F7BAB566C53D}.Debug|Any CPU.Build.0 = Debug|Any CPU
		{0372031B-0238-4DD6-BAE4-F7BAB566C53D}.Release|Any CPU.ActiveCfg = Release|Any CPU
		{0372031B-0238-4DD6-BAE4-F7BAB566C53D}.Release|Any CPU.Build.0 = Release|Any CPU
		{3F1AE54F-DC2B-415F-81F4-1A1ABCB5361D}.Debug|Any CPU.ActiveCfg = Debug|Any CPU
		{3F1AE54F-DC2B-415F-81F4-1A1ABCB5361D}.Debug|Any CPU.Build.0 = Debug|Any CPU
		{3F1AE54F-DC2B-415F-81F4-1A1ABCB5361D}.Release|Any CPU.ActiveCfg = Release|Any CPU
		{3F1AE54F-DC2B-415F-81F4-1A1ABCB5361D}.Release|Any CPU.Build.0 = Release|Any CPU
		{E7398635-FEE9-4D62-8F04-E69DC8B38332}.Debug|Any CPU.ActiveCfg = Debug|Any CPU
		{E7398635-FEE9-4D62-8F04-E69DC8B38332}.Debug|Any CPU.Build.0 = Debug|Any CPU
		{E7398635-FEE9-4D62-8F04-E69DC8B38332}.Release|Any CPU.ActiveCfg = Release|Any CPU
		{E7398635-FEE9-4D62-8F04-E69DC8B38332}.Release|Any CPU.Build.0 = Release|Any CPU
	EndGlobalSection
	GlobalSection(SolutionProperties) = preSolution
		HideSolutionNode = FALSE
	EndGlobalSection
	GlobalSection(NestedProjects) = preSolution
		{74ABC27B-F9DD-422A-8C6B-B4858837C0FA} = {D12AA7D6-2748-450D-A822-D509CD89233C}
		{EE0C5CC0-DBE8-4BA2-9A5D-E4896C358DB3} = {D12AA7D6-2748-450D-A822-D509CD89233C}
		{7DBBE973-4C8C-4B33-83CC-2403CAED99B7} = {97102E28-E0C1-490E-A5FF-79A3A99F932D}
		{0AA77F3D-4F70-4F71-80AA-09DC75C7C29F} = {97102E28-E0C1-490E-A5FF-79A3A99F932D}
		{2CE4781D-0564-4183-B372-EF58CDD56333} = {97102E28-E0C1-490E-A5FF-79A3A99F932D}
		{BA8CF7AC-2E19-4A70-8698-401B1519C54A} = {97102E28-E0C1-490E-A5FF-79A3A99F932D}
		{0372031B-0238-4DD6-BAE4-F7BAB566C53D} = {D12AA7D6-2748-450D-A822-D509CD89233C}
		{3F1AE54F-DC2B-415F-81F4-1A1ABCB5361D} = {1AFED766-4C56-4B68-A7C4-627DAA4AF803}
		{E7398635-FEE9-4D62-8F04-E69DC8B38332} = {D12AA7D6-2748-450D-A822-D509CD89233C}
	EndGlobalSection
	GlobalSection(ExtensibilityGlobals) = postSolution
		SolutionGuid = {9B112187-D566-4080-B1D1-165FA0285242}
	EndGlobalSection
EndGlobal
