
Microsoft Visual Studio Solution File, Format Version 12.00
# Visual Studio Version 17
VisualStudioVersion = 17.3.32825.248
MinimumVisualStudioVersion = 10.0.40219.1
Project("{FAE04EC0-301F-11D3-BF4B-00C04F79EFBC}") = "WebShop", "WebShop\WebShop.csproj", "{74ABC27B-F9DD-422A-8C6B-B4858837C0FA}"
EndProject
Global
	GlobalSection(SolutionConfigurationPlatforms) = preSolution
		Debug|Any CPU = Debug|Any CPU
		Release|Any CPU = Release|Any CPU
	EndGlobalSection
	GlobalSection(ProjectConfigurationPlatforms) = postSolution
		{74ABC27B-F9DD-422A-8C6B-B4858837C0FA}.Debug|Any CPU.ActiveCfg = Debug|Any CPU
		{74ABC27B-F9DD-422A-8C6B-B4858837C0FA}.Debug|Any CPU.Build.0 = Debug|Any CPU
		{74ABC27B-F9DD-422A-8C6B-B4858837C0FA}.Release|Any CPU.ActiveCfg = Release|Any CPU
		{74ABC27B-F9DD-422A-8C6B-B4858837C0FA}.Release|Any CPU.Build.0 = Release|Any CPU
	EndGlobalSection
	GlobalSection(SolutionProperties) = preSolution
		HideSolutionNode = FALSE
	EndGlobalSection
	GlobalSection(ExtensibilityGlobals) = postSolution
		SolutionGuid = {9B112187-D566-4080-B1D1-165FA0285242}
	EndGlobalSection
EndGlobal
